{
  "name": "bittrex-authenticated-signalr-websocket",
  "version": "0.0.01",
  "lockfileVersion": 1,
  "requires": true,
  "dependencies": {
    "@types/node": {
      "version": "8.10.17",
      "resolved": "https://registry.npmjs.org/@types/node/-/node-8.10.17.tgz",
      "integrity": "sha512-3N3FRd/rA1v5glXjb90YdYUa+sOB7WrkU2rAhKZnF4TKD86Cym9swtulGuH0p9nxo7fP5woRNa8b0oFTpCO1bg=="
    },
    "ansicolor": {
      "version": "1.1.72",
      "resolved": "https://registry.npmjs.org/ansicolor/-/ansicolor-1.1.72.tgz",
      "integrity": "sha1-HPpsoFs+4xu5DcQnMA4dblKfzbA="
    },
    "as-table": {
      "version": "1.0.32",
      "resolved": "https://registry.npmjs.org/as-table/-/as-table-1.0.32.tgz",
      "integrity": "sha1-zQmMcjtrgCOS+PeEmOZc0EHw5QQ=",
      "requires": {
        "printable-characters": "1.0.39"
      }
    },
    "crypto": {
      "version": "1.0.1",
      "resolved": "https://registry.npmjs.org/crypto/-/crypto-1.0.1.tgz",
      "integrity": "sha512-VxBKmeNcqQdiUQUW2Tzq0t377b54N2bMtXO/qiLa+6eRRmmC4qT3D4OnTGoT/U6O9aklQ/jTwbOtRMTTY8G0Ig=="
    },
    "data-uri-to-buffer": {
      "version": "2.0.0",
      "resolved": "https://registry.npmjs.org/data-uri-to-buffer/-/data-uri-to-buffer-2.0.0.tgz",
      "integrity": "sha512-YbKCNLPPP4inc0E5If4OaalBc7gpaM2MRv77Pv2VThVComLKfbGYtJcdDCViDyp1Wd4SebhHLz94vp91zbK6bw==",
      "requires": {
        "@types/node": "8.10.17"
      }
    },
    "get-source": {
      "version": "1.0.25",
      "resolved": "https://registry.npmjs.org/get-source/-/get-source-1.0.25.tgz",
      "integrity": "sha1-+j4GErwMG456GuT8DQV3Uvbz3+A=",
      "requires": {
        "data-uri-to-buffer": "2.0.0",
        "source-map": "0.6.1"
      }
    },
    "is-typedarray": {
      "version": "1.0.0",
      "resolved": "https://registry.npmjs.org/is-typedarray/-/is-typedarray-1.0.0.tgz",
      "integrity": "sha1-5HnICFjfDBsR3dppQPlgEfzaSpo="
    },
    "lodash": {
      "version": "4.17.10",
      "resolved": "https://registry.npmjs.org/lodash/-/lodash-4.17.10.tgz",
      "integrity": "sha512-UejweD1pDoXu+AD825lWwp4ZGtSwgnpZxb3JDViD7StjQz+Nb/6l093lx4OQ0foGWNRoc19mWy7BzL+UAK2iVg=="
    },
    "ms": {
      "version": "2.0.0",
      "resolved": "https://registry.npmjs.org/ms/-/ms-2.0.0.tgz",
      "integrity": "sha1-VgiurfwAvmwpAd9fmGF4jeDVl8g="
    },
    "nan": {
      "version": "2.8.0",
      "resolved": "https://registry.npmjs.org/nan/-/nan-2.8.0.tgz",
      "integrity": "sha1-7XFfP+neArV6XmJS2QqWZ14fCFo="
    },
    "ololog": {
      "version": "1.1.103",
      "resolved": "https://registry.npmjs.org/ololog/-/ololog-1.1.103.tgz",
      "integrity": "sha1-x4zOEyPiK6MJrawIjkkg8CPGUkE=",
      "requires": {
        "ansicolor": "1.1.72",
        "pipez": "1.1.10",
        "printable-characters": "1.0.39",
        "stacktracey": "1.2.102",
        "string.bullet": "1.0.12",
        "string.ify": "1.0.45"
      }
    },
    "pipez": {
      "version": "1.1.10",
      "resolved": "https://registry.npmjs.org/pipez/-/pipez-1.1.10.tgz",
      "integrity": "sha1-C0vp1FuCy+XE2RGZYI5c2UY64lg="
    },
    "printable-characters": {
      "version": "1.0.39",
      "resolved": "https://registry.npmjs.org/printable-characters/-/printable-characters-1.0.39.tgz",
      "integrity": "sha1-wRcMt22FjxmGqmB8r+9FhXQDoNs="
    },
    "signalr-client": {
      "version": "0.0.17",
      "resolved": "https://registry.npmjs.org/signalr-client/-/signalr-client-0.0.17.tgz",
      "integrity": "sha1-pSF383ziSOzIcibdEDxB/3DIKbE=",
      "requires": {
        "websocket": "1.0.26"
      }
    },
    "source-map": {
      "version": "0.6.1",
      "resolved": "https://registry.npmjs.org/source-map/-/source-map-0.6.1.tgz",
      "integrity": "sha512-UjgapumWlbMhkBgzT7Ykc5YXUT46F0iKu8SGXq0bcwP5dz/h0Plj6enJqjz1Zbq2l5WaqYnrVbwWOWMyF3F47g=="
    },
    "stacktracey": {
      "version": "1.2.102",
      "resolved": "https://registry.npmjs.org/stacktracey/-/stacktracey-1.2.102.tgz",
      "integrity": "sha1-NYD/Zxi18oZsNEmHEhehF47BB6Q=",
      "requires": {
        "as-table": "1.0.32",
        "get-source": "1.0.25"
      }
    },
    "string.bullet": {
      "version": "1.0.12",
      "resolved": "https://registry.npmjs.org/string.bullet/-/string.bullet-1.0.12.tgz",
      "integrity": "sha1-tB/EF4UKV+QEK/PPNHtu7iV+4lM=",
      "requires": {
        "printable-characters": "1.0.39"
      }
    },
    "string.ify": {
      "version": "1.0.45",
      "resolved": "https://registry.npmjs.org/string.ify/-/string.ify-1.0.45.tgz",
      "integrity": "sha1-aQQmEdMUTn7u4GkV7ahEFeXyjxA=",
      "requires": {
        "printable-characters": "1.0.39",
        "string.bullet": "1.0.12"
      }
    },
    "typedarray-to-buffer": {
      "version": "3.1.5",
      "resolved": "https://registry.npmjs.org/typedarray-to-buffer/-/typedarray-to-buffer-3.1.5.tgz",
      "integrity": "sha512-zdu8XMNEDepKKR+XYOXAVPtWui0ly0NtohUscw+UmaHiAWT8hrV1rr//H6V+0DvJ3OQ19S979M0laLfX8rm82Q==",
      "requires": {
        "is-typedarray": "1.0.0"
      }
    },
    "websocket": {
      "version": "1.0.26",
      "resolved": "https://registry.npmjs.org/websocket/-/websocket-1.0.26.tgz",
      "integrity": "sha512-fjcrYDPIQxpTnqFQ9JjxUQcdvR89MFAOjPBlF+vjOt49w/XW4fJknUoMz/mDIn2eK1AdslVojcaOxOqyZZV8rw==",
      "requires": {
        "debug": "2.6.9",
        "nan": "2.8.0",
        "typedarray-to-buffer": "3.1.5",
        "yaeti": "0.0.6"
      },
      "dependencies": {
        "debug": {
          "version": "2.6.9",
          "resolved": "https://registry.npmjs.org/debug/-/debug-2.6.9.tgz",
          "integrity": "sha512-bC7ElrdJaJnPbAP+1EotYvqZsb3ecl5wi6Bfi6BJTUcNowp6cvspg0jXznRTKDjm/E7AdgFBVeAPVMNcKGsHMA==",
          "requires": {
            "ms": "2.0.0"
          }
        }
      }
    },
    "yaeti": {
      "version": "0.0.6",
      "resolved": "https://registry.npmjs.org/yaeti/-/yaeti-0.0.6.tgz",
      "integrity": "sha1-8m9ITXJoTPQr7ft2lwqhYI+/lXc="
    },
    "zlib": {
      "version": "1.0.5",
      "resolved": "https://registry.npmjs.org/zlib/-/zlib-1.0.5.tgz",
      "integrity": "sha1-bnyXL8NxxkWmr7A6sUdp3vEU/MA="
    }
  }
}
